
Microsoft Visual Studio Solution File, Format Version 12.00
# Visual Studio Version 16
VisualStudioVersion = 16.0.31424.327
MinimumVisualStudioVersion = 10.0.40219.1
Project("{FAE04EC0-301F-11D3-BF4B-00C04F79EFBC}") = "PixloxSpammer", "PixloxSpammer\PixloxSpammer.csproj", "{04711EA3-867A-4603-95C0-8E7D63A5CF9B}"
EndProject
Global
	GlobalSection(SolutionConfigurationPlatforms) = preSolution
			Debug|Any CPU = Debug|Any CPU
    		Release|Any CPU = Release|Any CPU
	EndGlobalSection
	GlobalSection(ProjectConfigurationPlatforms) = postSolution
		{04711EA3-867A-4603-95C0-8E7D63A5CF9B}.Debug|Any CPU.ActiveCfg = Debug|Any CPU
		{04711EA3-867A-4603-95C0-8E7D63A5CF9B}.Debug|Any CPU.Build.0 = Debug|Any CPU
		{04711EA3-867A-4603-95C0-8E7D63A5CF9B}.Release|Any CPU.ActiveCfg = Release|Any CPU
		{04711EA3-867A-4603-95C0-8E7D63A5CF9B}.Release|Any CPU.Build.0 = Release|Any CPU
	EndGlobalSection
	GlobalSection(SolutionProperties) = preSolution
		HideSolutionNode = FALSE
	EndGlobalSection
	GlobalSection(ExtensibilityGlobals) = postSolution
		SolutionGuid = {6F466858-C264-4A0A-8BBF-6404ED57A3AE}
	EndGlobalSection
EndGlobal
